
Microsoft Visual Studio Solution File, Format Version 12.00
# Visual Studio 15
VisualStudioVersion = 15.0.28307.271
MinimumVisualStudioVersion = 10.0.40219.1
Project("{FAE04EC0-301F-11D3-BF4B-00C04F79EFBC}") = "Multiplos", "Multiplos\Multiplos.csproj", "{AC4CAF76-9443-4EC4-AF8A-2B148AC08F88}"
EndProject
Global
	GlobalSection(SolutionConfigurationPlatforms) = preSolution
		Debug|Any CPU = Debug|Any CPU
		Release|Any CPU = Release|Any CPU
	EndGlobalSection
	GlobalSection(ProjectConfigurationPlatforms) = postSolution
		{AC4CAF76-9443-4EC4-AF8A-2B148AC08F88}.Debug|Any CPU.ActiveCfg = Debug|Any CPU
		{AC4CAF76-9443-4EC4-AF8A-2B148AC08F88}.Debug|Any CPU.Build.0 = Debug|Any CPU
		{AC4CAF76-9443-4EC4-AF8A-2B148AC08F88}.Release|Any CPU.ActiveCfg = Release|Any CPU
		{AC4CAF76-9443-4EC4-AF8A-2B148AC08F88}.Release|Any CPU.Build.0 = Release|Any CPU
	EndGlobalSection
	GlobalSection(SolutionProperties) = preSolution
		HideSolutionNode = FALSE
	EndGlobalSection
	GlobalSection(ExtensibilityGlobals) = postSolution
		SolutionGuid = {8C309AF7-E8D0-4B7E-B565-7A4709CE5F23}
	EndGlobalSection
EndGlobal
